// !$*UTF8*$!
{
	archiveVersion = 1;
	classes = {
	};
	objectVersion = 56;
	objects = {

/* Begin PBXBuildFile section */
		E71440132C206B3900346F51 /* HomeHeaderViewCell.swift in Sources */ = {isa = PBXBuildFile; fileRef = E71440122C206B3900346F51 /* HomeHeaderViewCell.swift */; };
		E71440152C206C2300346F51 /* UIView+Ext.swift in Sources */ = {isa = PBXBuildFile; fileRef = E71440142C206C2300346F51 /* UIView+Ext.swift */; };
		E71440182C206D3A00346F51 /* HomeViewSections.swift in Sources */ = {isa = PBXBuildFile; fileRef = E71440172C206D3A00346F51 /* HomeViewSections.swift */; };
		E714401A2C206FDC00346F51 /* EventsViewCell.swift in Sources */ = {isa = PBXBuildFile; fileRef = E71440192C206FDC00346F51 /* EventsViewCell.swift */; };
		E71440252C2076B400346F51 /* EventViewCell.swift in Sources */ = {isa = PBXBuildFile; fileRef = E71440212C2076B400346F51 /* EventViewCell.swift */; };
		E71440272C2076B400346F51 /* EventDateView.swift in Sources */ = {isa = PBXBuildFile; fileRef = E71440232C2076B400346F51 /* EventDateView.swift */; };
		E71440282C2076B400346F51 /* EventCategoryView.swift in Sources */ = {isa = PBXBuildFile; fileRef = E71440242C2076B400346F51 /* EventCategoryView.swift */; };
		E714402B2C20914B00346F51 /* PrimaryButton.swift in Sources */ = {isa = PBXBuildFile; fileRef = E714402A2C20914B00346F51 /* PrimaryButton.swift */; };
		E714402D2C20934900346F51 /* HomeSectionHeader.swift in Sources */ = {isa = PBXBuildFile; fileRef = E714402C2C20934900346F51 /* HomeSectionHeader.swift */; };
		E714402F2C2098BF00346F51 /* CategoriesViewCell.swift in Sources */ = {isa = PBXBuildFile; fileRef = E714402E2C2098BF00346F51 /* CategoriesViewCell.swift */; };
		E71440312C209BBA00346F51 /* CategoryViewCell.swift in Sources */ = {isa = PBXBuildFile; fileRef = E71440302C209BBA00346F51 /* CategoryViewCell.swift */; };
		E71440332C20AB4C00346F51 /* BookmarkButton.swift in Sources */ = {isa = PBXBuildFile; fileRef = E71440322C20AB4C00346F51 /* BookmarkButton.swift */; };
		E71440352C20B28300346F51 /* HomeSearchViewCell.swift in Sources */ = {isa = PBXBuildFile; fileRef = E71440342C20B28300346F51 /* HomeSearchViewCell.swift */; };
		E71440382C20C11100346F51 /* EventInfoViewController.swift in Sources */ = {isa = PBXBuildFile; fileRef = E71440372C20C11100346F51 /* EventInfoViewController.swift */; };
		E75097722C26BE7200FF3743 /* VC+Ext.swift in Sources */ = {isa = PBXBuildFile; fileRef = E75097712C26BE7200FF3743 /* VC+Ext.swift */; };
		E75097742C275B2600FF3743 /* ChipLabelView.swift in Sources */ = {isa = PBXBuildFile; fileRef = E75097732C275B2600FF3743 /* ChipLabelView.swift */; };
		E75097762C2841DB00FF3743 /* LeftCircleIconTitleSubtitleView.swift in Sources */ = {isa = PBXBuildFile; fileRef = E75097752C2841DB00FF3743 /* LeftCircleIconTitleSubtitleView.swift */; };
		E75097792C28A27700FF3743 /* ExpandableLabel.swift in Sources */ = {isa = PBXBuildFile; fileRef = E75097782C28A27700FF3743 /* ExpandableLabel.swift */; };
		E750977C2C28A97200FF3743 /* ProfileViewController.swift in Sources */ = {isa = PBXBuildFile; fileRef = E750977B2C28A97200FF3743 /* ProfileViewController.swift */; };
		E7512E922C1F040B00543162 /* AppDelegate.swift in Sources */ = {isa = PBXBuildFile; fileRef = E7512E912C1F040B00543162 /* AppDelegate.swift */; };
		E7512E9B2C1F040D00543162 /* Assets.xcassets in Resources */ = {isa = PBXBuildFile; fileRef = E7512E9A2C1F040D00543162 /* Assets.xcassets */; };
		E7512E9E2C1F040D00543162 /* LaunchScreen.storyboard in Resources */ = {isa = PBXBuildFile; fileRef = E7512E9C2C1F040D00543162 /* LaunchScreen.storyboard */; };
		E7512EAF2C1F1B7B00543162 /* OnboardingViewController.swift in Sources */ = {isa = PBXBuildFile; fileRef = E7512EAE2C1F1B7B00543162 /* OnboardingViewController.swift */; };
		E7512EB22C1F1D9700543162 /* SnapKit in Frameworks */ = {isa = PBXBuildFile; productRef = E7512EB12C1F1D9700543162 /* SnapKit */; };
		E7512EB52C1F1F4500543162 /* OnboardingCollectionViewCell.swift in Sources */ = {isa = PBXBuildFile; fileRef = E7512EB42C1F1F4500543162 /* OnboardingCollectionViewCell.swift */; };
		E7512EB72C1F1F5600543162 /* Cell+Ext.swift in Sources */ = {isa = PBXBuildFile; fileRef = E7512EB62C1F1F5600543162 /* Cell+Ext.swift */; };
		E7512EBD2C1F27F000543162 /* OnboardingViewModel.swift in Sources */ = {isa = PBXBuildFile; fileRef = E7512EBC2C1F27F000543162 /* OnboardingViewModel.swift */; };
		E7512EC12C1F2E7800543162 /* TabBarViewController.swift in Sources */ = {isa = PBXBuildFile; fileRef = E7512EC02C1F2E7800543162 /* TabBarViewController.swift */; };
		E7512EC42C1F30DF00543162 /* HomeViewController.swift in Sources */ = {isa = PBXBuildFile; fileRef = E7512EC32C1F30DF00543162 /* HomeViewController.swift */; };
/* End PBXBuildFile section */

/* Begin PBXFileReference section */
		E71440122C206B3900346F51 /* HomeHeaderViewCell.swift */ = {isa = PBXFileReference; lastKnownFileType = sourcecode.swift; path = HomeHeaderViewCell.swift; sourceTree = "<group>"; };
		E71440142C206C2300346F51 /* UIView+Ext.swift */ = {isa = PBXFileReference; lastKnownFileType = sourcecode.swift; path = "UIView+Ext.swift"; sourceTree = "<group>"; };
		E71440172C206D3A00346F51 /* HomeViewSections.swift */ = {isa = PBXFileReference; lastKnownFileType = sourcecode.swift; path = HomeViewSections.swift; sourceTree = "<group>"; };
		E71440192C206FDC00346F51 /* EventsViewCell.swift */ = {isa = PBXFileReference; lastKnownFileType = sourcecode.swift; path = EventsViewCell.swift; sourceTree = "<group>"; };
		E71440212C2076B400346F51 /* EventViewCell.swift */ = {isa = PBXFileReference; fileEncoding = 4; lastKnownFileType = sourcecode.swift; name = EventViewCell.swift; path = EventsHub/Views/EventViewCell.swift; sourceTree = SOURCE_ROOT; };
		E71440232C2076B400346F51 /* EventDateView.swift */ = {isa = PBXFileReference; fileEncoding = 4; lastKnownFileType = sourcecode.swift; name = EventDateView.swift; path = EventsHub/Views/EventDateView.swift; sourceTree = SOURCE_ROOT; };
		E71440242C2076B400346F51 /* EventCategoryView.swift */ = {isa = PBXFileReference; fileEncoding = 4; lastKnownFileType = sourcecode.swift; name = EventCategoryView.swift; path = EventsHub/Views/EventCategoryView.swift; sourceTree = SOURCE_ROOT; };
		E714402A2C20914B00346F51 /* PrimaryButton.swift */ = {isa = PBXFileReference; fileEncoding = 4; lastKnownFileType = sourcecode.swift; path = PrimaryButton.swift; sourceTree = "<group>"; };
		E714402C2C20934900346F51 /* HomeSectionHeader.swift */ = {isa = PBXFileReference; lastKnownFileType = sourcecode.swift; path = HomeSectionHeader.swift; sourceTree = "<group>"; };
		E714402E2C2098BF00346F51 /* CategoriesViewCell.swift */ = {isa = PBXFileReference; lastKnownFileType = sourcecode.swift; path = CategoriesViewCell.swift; sourceTree = "<group>"; };
		E71440302C209BBA00346F51 /* CategoryViewCell.swift */ = {isa = PBXFileReference; lastKnownFileType = sourcecode.swift; path = CategoryViewCell.swift; sourceTree = "<group>"; };
		E71440322C20AB4C00346F51 /* BookmarkButton.swift */ = {isa = PBXFileReference; lastKnownFileType = sourcecode.swift; path = BookmarkButton.swift; sourceTree = "<group>"; };
		E71440342C20B28300346F51 /* HomeSearchViewCell.swift */ = {isa = PBXFileReference; lastKnownFileType = sourcecode.swift; path = HomeSearchViewCell.swift; sourceTree = "<group>"; };
		E71440372C20C11100346F51 /* EventInfoViewController.swift */ = {isa = PBXFileReference; lastKnownFileType = sourcecode.swift; path = EventInfoViewController.swift; sourceTree = "<group>"; };
		E75097712C26BE7200FF3743 /* VC+Ext.swift */ = {isa = PBXFileReference; lastKnownFileType = sourcecode.swift; path = "VC+Ext.swift"; sourceTree = "<group>"; };
		E75097732C275B2600FF3743 /* ChipLabelView.swift */ = {isa = PBXFileReference; lastKnownFileType = sourcecode.swift; path = ChipLabelView.swift; sourceTree = "<group>"; };
		E75097752C2841DB00FF3743 /* LeftCircleIconTitleSubtitleView.swift */ = {isa = PBXFileReference; lastKnownFileType = sourcecode.swift; path = LeftCircleIconTitleSubtitleView.swift; sourceTree = "<group>"; };
		E75097782C28A27700FF3743 /* ExpandableLabel.swift */ = {isa = PBXFileReference; lastKnownFileType = sourcecode.swift; path = ExpandableLabel.swift; sourceTree = "<group>"; };
		E750977B2C28A97200FF3743 /* ProfileViewController.swift */ = {isa = PBXFileReference; lastKnownFileType = sourcecode.swift; path = ProfileViewController.swift; sourceTree = "<group>"; };
		E7512E8E2C1F040B00543162 /* EventsHub.app */ = {isa = PBXFileReference; explicitFileType = wrapper.application; includeInIndex = 0; path = EventsHub.app; sourceTree = BUILT_PRODUCTS_DIR; };
		E7512E912C1F040B00543162 /* AppDelegate.swift */ = {isa = PBXFileReference; lastKnownFileType = sourcecode.swift; path = AppDelegate.swift; sourceTree = "<group>"; };
		E7512E9A2C1F040D00543162 /* Assets.xcassets */ = {isa = PBXFileReference; lastKnownFileType = folder.assetcatalog; path = Assets.xcassets; sourceTree = "<group>"; };
		E7512E9D2C1F040D00543162 /* Base */ = {isa = PBXFileReference; lastKnownFileType = file.storyboard; name = Base; path = Base.lproj/LaunchScreen.storyboard; sourceTree = "<group>"; };
		E7512E9F2C1F040D00543162 /* Info.plist */ = {isa = PBXFileReference; lastKnownFileType = text.plist.xml; path = Info.plist; sourceTree = "<group>"; };
		E7512EAE2C1F1B7B00543162 /* OnboardingViewController.swift */ = {isa = PBXFileReference; lastKnownFileType = sourcecode.swift; path = OnboardingViewController.swift; sourceTree = "<group>"; };
		E7512EB42C1F1F4500543162 /* OnboardingCollectionViewCell.swift */ = {isa = PBXFileReference; lastKnownFileType = sourcecode.swift; path = OnboardingCollectionViewCell.swift; sourceTree = "<group>"; };
		E7512EB62C1F1F5600543162 /* Cell+Ext.swift */ = {isa = PBXFileReference; lastKnownFileType = sourcecode.swift; path = "Cell+Ext.swift"; sourceTree = "<group>"; };
		E7512EBC2C1F27F000543162 /* OnboardingViewModel.swift */ = {isa = PBXFileReference; lastKnownFileType = sourcecode.swift; path = OnboardingViewModel.swift; sourceTree = "<group>"; };
		E7512EC02C1F2E7800543162 /* TabBarViewController.swift */ = {isa = PBXFileReference; lastKnownFileType = sourcecode.swift; path = TabBarViewController.swift; sourceTree = "<group>"; };
		E7512EC32C1F30DF00543162 /* HomeViewController.swift */ = {isa = PBXFileReference; lastKnownFileType = sourcecode.swift; path = HomeViewController.swift; sourceTree = "<group>"; };
/* End PBXFileReference section */

/* Begin PBXFrameworksBuildPhase section */
		E7512E8B2C1F040B00543162 /* Frameworks */ = {
			isa = PBXFrameworksBuildPhase;
			buildActionMask = 2147483647;
			files = (
				E7512EB22C1F1D9700543162 /* SnapKit in Frameworks */,
			);
			runOnlyForDeploymentPostprocessing = 0;
		};
/* End PBXFrameworksBuildPhase section */

/* Begin PBXGroup section */
		E71440112C206B3100346F51 /* Views */ = {
			isa = PBXGroup;
			children = (
				E71440122C206B3900346F51 /* HomeHeaderViewCell.swift */,
				E71440192C206FDC00346F51 /* EventsViewCell.swift */,
				E714402C2C20934900346F51 /* HomeSectionHeader.swift */,
				E714402E2C2098BF00346F51 /* CategoriesViewCell.swift */,
				E71440342C20B28300346F51 /* HomeSearchViewCell.swift */,
			);
			path = Views;
			sourceTree = "<group>";
		};
		E71440162C206D2B00346F51 /* Model */ = {
			isa = PBXGroup;
			children = (
				E71440172C206D3A00346F51 /* HomeViewSections.swift */,
			);
			path = Model;
			sourceTree = "<group>";
		};
		E71440292C20914500346F51 /* Buttons */ = {
			isa = PBXGroup;
			children = (
				E714402A2C20914B00346F51 /* PrimaryButton.swift */,
				E71440322C20AB4C00346F51 /* BookmarkButton.swift */,
			);
			path = Buttons;
			sourceTree = "<group>";
		};
		E71440362C20C10500346F51 /* EventInfo */ = {
			isa = PBXGroup;
			children = (
				E71440372C20C11100346F51 /* EventInfoViewController.swift */,
			);
			path = EventInfo;
			sourceTree = "<group>";
		};
		E75097772C28A26800FF3743 /* Views */ = {
			isa = PBXGroup;
			children = (
				E75097782C28A27700FF3743 /* ExpandableLabel.swift */,
			);
			path = Views;
			sourceTree = "<group>";
		};
		E750977A2C28A96900FF3743 /* Profile */ = {
			isa = PBXGroup;
			children = (
				E750977B2C28A97200FF3743 /* ProfileViewController.swift */,
			);
			path = Profile;
			sourceTree = "<group>";
		};
		E7512E852C1F040B00543162 = {
			isa = PBXGroup;
			children = (
				E7512E902C1F040B00543162 /* EventsHub */,
				E7512E8F2C1F040B00543162 /* Products */,
			);
			sourceTree = "<group>";
		};
		E7512E8F2C1F040B00543162 /* Products */ = {
			isa = PBXGroup;
			children = (
				E7512E8E2C1F040B00543162 /* EventsHub.app */,
			);
			name = Products;
			sourceTree = "<group>";
		};
		E7512E902C1F040B00543162 /* EventsHub */ = {
			isa = PBXGroup;
			children = (
				E7512EAA2C1F197800543162 /* Modules */,
				E7512EA92C1F196800543162 /* Services */,
				E7512EA82C1F196100543162 /* Helpers */,
				E7512EA72C1F194600543162 /* Views */,
				E7512EA62C1F194000543162 /* Models */,
				E7512EA52C1F193800543162 /* Common */,
				E7512E912C1F040B00543162 /* AppDelegate.swift */,
				E7512E9A2C1F040D00543162 /* Assets.xcassets */,
				E7512E9C2C1F040D00543162 /* LaunchScreen.storyboard */,
				E7512E9F2C1F040D00543162 /* Info.plist */,
			);
			path = EventsHub;
			sourceTree = "<group>";
		};
		E7512EA52C1F193800543162 /* Common */ = {
			isa = PBXGroup;
			children = (
				E7512EAC2C1F198700543162 /* Resources */,
				E7512EAB2C1F198000543162 /* Extensions */,
			);
			path = Common;
			sourceTree = "<group>";
		};
		E7512EA62C1F194000543162 /* Models */ = {
			isa = PBXGroup;
			children = (
			);
			path = Models;
			sourceTree = "<group>";
		};
		E7512EA72C1F194600543162 /* Views */ = {
			isa = PBXGroup;
			children = (
				E75097772C28A26800FF3743 /* Views */,
				E71440292C20914500346F51 /* Buttons */,
				E71440242C2076B400346F51 /* EventCategoryView.swift */,
				E71440232C2076B400346F51 /* EventDateView.swift */,
				E71440212C2076B400346F51 /* EventViewCell.swift */,
				E71440302C209BBA00346F51 /* CategoryViewCell.swift */,
				E75097732C275B2600FF3743 /* ChipLabelView.swift */,
				E75097752C2841DB00FF3743 /* LeftCircleIconTitleSubtitleView.swift */,
			);
			name = Views;
			path = "Vieüs";
			sourceTree = "<group>";
		};
		E7512EA82C1F196100543162 /* Helpers */ = {
			isa = PBXGroup;
			children = (
			);
			path = Helpers;
			sourceTree = "<group>";
		};
		E7512EA92C1F196800543162 /* Services */ = {
			isa = PBXGroup;
			children = (
			);
			path = Services;
			sourceTree = "<group>";
		};
		E7512EAA2C1F197800543162 /* Modules */ = {
			isa = PBXGroup;
			children = (
				E71440362C20C10500346F51 /* EventInfo */,
				E7512EBE2C1F2DF500543162 /* Main */,
				E7512EAD2C1F199300543162 /* Onboarding */,
			);
			path = Modules;
			sourceTree = "<group>";
		};
		E7512EAB2C1F198000543162 /* Extensions */ = {
			isa = PBXGroup;
			children = (
				E7512EB62C1F1F5600543162 /* Cell+Ext.swift */,
				E71440142C206C2300346F51 /* UIView+Ext.swift */,
				E75097712C26BE7200FF3743 /* VC+Ext.swift */,
			);
			path = Extensions;
			sourceTree = "<group>";
		};
		E7512EAC2C1F198700543162 /* Resources */ = {
			isa = PBXGroup;
			children = (
			);
			path = Resources;
			sourceTree = "<group>";
		};
		E7512EAD2C1F199300543162 /* Onboarding */ = {
			isa = PBXGroup;
			children = (
				E7512EBB2C1F27CB00543162 /* ViewModel */,
				E7512EB32C1F1F2800543162 /* Views */,
				E7512EAE2C1F1B7B00543162 /* OnboardingViewController.swift */,
			);
			path = Onboarding;
			sourceTree = "<group>";
		};
		E7512EB32C1F1F2800543162 /* Views */ = {
			isa = PBXGroup;
			children = (
				E7512EB42C1F1F4500543162 /* OnboardingCollectionViewCell.swift */,
			);
			path = Views;
			sourceTree = "<group>";
		};
		E7512EBB2C1F27CB00543162 /* ViewModel */ = {
			isa = PBXGroup;
			children = (
				E7512EBC2C1F27F000543162 /* OnboardingViewModel.swift */,
			);
			path = ViewModel;
			sourceTree = "<group>";
		};
		E7512EBE2C1F2DF500543162 /* Main */ = {
			isa = PBXGroup;
			children = (
				E750977A2C28A96900FF3743 /* Profile */,
				E7512EC22C1F30D700543162 /* Home */,
				E7512EBF2C1F2E6900543162 /* TabBar */,
			);
			path = Main;
			sourceTree = "<group>";
		};
		E7512EBF2C1F2E6900543162 /* TabBar */ = {
			isa = PBXGroup;
			children = (
				E7512EC02C1F2E7800543162 /* TabBarViewController.swift */,
			);
			path = TabBar;
			sourceTree = "<group>";
		};
		E7512EC22C1F30D700543162 /* Home */ = {
			isa = PBXGroup;
			children = (
				E71440162C206D2B00346F51 /* Model */,
				E71440112C206B3100346F51 /* Views */,
				E7512EC32C1F30DF00543162 /* HomeViewController.swift */,
			);
			path = Home;
			sourceTree = "<group>";
		};
/* End PBXGroup section */

/* Begin PBXNativeTarget section */
		E7512E8D2C1F040B00543162 /* EventsHub */ = {
			isa = PBXNativeTarget;
			buildConfigurationList = E7512EA22C1F040D00543162 /* Build configuration list for PBXNativeTarget "EventsHub" */;
			buildPhases = (
				E7512E8A2C1F040B00543162 /* Sources */,
				E7512E8B2C1F040B00543162 /* Frameworks */,
				E7512E8C2C1F040B00543162 /* Resources */,
			);
			buildRules = (
			);
			dependencies = (
			);
			name = EventsHub;
			packageProductDependencies = (
				E7512EB12C1F1D9700543162 /* SnapKit */,
			);
			productName = EventsHub;
			productReference = E7512E8E2C1F040B00543162 /* EventsHub.app */;
			productType = "com.apple.product-type.application";
		};
/* End PBXNativeTarget section */

/* Begin PBXProject section */
		E7512E862C1F040B00543162 /* Project object */ = {
			isa = PBXProject;
			attributes = {
				BuildIndependentTargetsInParallel = 1;
				LastSwiftUpdateCheck = 1510;
				LastUpgradeCheck = 1510;
				TargetAttributes = {
					E7512E8D2C1F040B00543162 = {
						CreatedOnToolsVersion = 15.1;
					};
				};
			};
			buildConfigurationList = E7512E892C1F040B00543162 /* Build configuration list for PBXProject "EventsHub" */;
			compatibilityVersion = "Xcode 14.0";
			developmentRegion = en;
			hasScannedForEncodings = 0;
			knownRegions = (
				en,
				Base,
			);
			mainGroup = E7512E852C1F040B00543162;
			packageReferences = (
				E7512EB02C1F1D9700543162 /* XCRemoteSwiftPackageReference "SnapKit" */,
			);
			productRefGroup = E7512E8F2C1F040B00543162 /* Products */;
			projectDirPath = "";
			projectRoot = "";
			targets = (
				E7512E8D2C1F040B00543162 /* EventsHub */,
			);
		};
/* End PBXProject section */

/* Begin PBXResourcesBuildPhase section */
		E7512E8C2C1F040B00543162 /* Resources */ = {
			isa = PBXResourcesBuildPhase;
			buildActionMask = 2147483647;
			files = (
				E7512E9E2C1F040D00543162 /* LaunchScreen.storyboard in Resources */,
				E7512E9B2C1F040D00543162 /* Assets.xcassets in Resources */,
			);
			runOnlyForDeploymentPostprocessing = 0;
		};
/* End PBXResourcesBuildPhase section */

/* Begin PBXSourcesBuildPhase section */
		E7512E8A2C1F040B00543162 /* Sources */ = {
			isa = PBXSourcesBuildPhase;
			buildActionMask = 2147483647;
			files = (
				E7512EBD2C1F27F000543162 /* OnboardingViewModel.swift in Sources */,
				E71440272C2076B400346F51 /* EventDateView.swift in Sources */,
				E71440152C206C2300346F51 /* UIView+Ext.swift in Sources */,
				E71440282C2076B400346F51 /* EventCategoryView.swift in Sources */,
				E75097722C26BE7200FF3743 /* VC+Ext.swift in Sources */,
				E7512EB72C1F1F5600543162 /* Cell+Ext.swift in Sources */,
				E71440132C206B3900346F51 /* HomeHeaderViewCell.swift in Sources */,
				E75097762C2841DB00FF3743 /* LeftCircleIconTitleSubtitleView.swift in Sources */,
				E75097792C28A27700FF3743 /* ExpandableLabel.swift in Sources */,
				E7512EC42C1F30DF00543162 /* HomeViewController.swift in Sources */,
				E750977C2C28A97200FF3743 /* ProfileViewController.swift in Sources */,
				E7512EAF2C1F1B7B00543162 /* OnboardingViewController.swift in Sources */,
				E714401A2C206FDC00346F51 /* EventsViewCell.swift in Sources */,
				E71440352C20B28300346F51 /* HomeSearchViewCell.swift in Sources */,
				E714402D2C20934900346F51 /* HomeSectionHeader.swift in Sources */,
				E71440252C2076B400346F51 /* EventViewCell.swift in Sources */,
				E714402F2C2098BF00346F51 /* CategoriesViewCell.swift in Sources */,
				E7512EC12C1F2E7800543162 /* TabBarViewController.swift in Sources */,
				E7512E922C1F040B00543162 /* AppDelegate.swift in Sources */,
				E75097742C275B2600FF3743 /* ChipLabelView.swift in Sources */,
				E71440332C20AB4C00346F51 /* BookmarkButton.swift in Sources */,
				E714402B2C20914B00346F51 /* PrimaryButton.swift in Sources */,
				E71440182C206D3A00346F51 /* HomeViewSections.swift in Sources */,
				E71440382C20C11100346F51 /* EventInfoViewController.swift in Sources */,
				E71440312C209BBA00346F51 /* CategoryViewCell.swift in Sources */,
				E7512EB52C1F1F4500543162 /* OnboardingCollectionViewCell.swift in Sources */,
			);
			runOnlyForDeploymentPostprocessing = 0;
		};
/* End PBXSourcesBuildPhase section */

/* Begin PBXVariantGroup section */
		E7512E9C2C1F040D00543162 /* LaunchScreen.storyboard */ = {
			isa = PBXVariantGroup;
			children = (
				E7512E9D2C1F040D00543162 /* Base */,
			);
			name = LaunchScreen.storyboard;
			sourceTree = "<group>";
		};
/* End PBXVariantGroup section */

/* Begin XCBuildConfiguration section */
		E7512EA02C1F040D00543162 /* Debug */ = {
			isa = XCBuildConfiguration;
			buildSettings = {
				ALWAYS_SEARCH_USER_PATHS = NO;
				ASSETCATALOG_COMPILER_GENERATE_SWIFT_ASSET_SYMBOL_EXTENSIONS = YES;
				CLANG_ANALYZER_NONNULL = YES;
				CLANG_ANALYZER_NUMBER_OBJECT_CONVERSION = YES_AGGRESSIVE;
				CLANG_CXX_LANGUAGE_STANDARD = "gnu++20";
				CLANG_ENABLE_MODULES = YES;
				CLANG_ENABLE_OBJC_ARC = YES;
				CLANG_ENABLE_OBJC_WEAK = YES;
				CLANG_WARN_BLOCK_CAPTURE_AUTORELEASING = YES;
				CLANG_WARN_BOOL_CONVERSION = YES;
				CLANG_WARN_COMMA = YES;
				CLANG_WARN_CONSTANT_CONVERSION = YES;
				CLANG_WARN_DEPRECATED_OBJC_IMPLEMENTATIONS = YES;
				CLANG_WARN_DIRECT_OBJC_ISA_USAGE = YES_ERROR;
				CLANG_WARN_DOCUMENTATION_COMMENTS = YES;
				CLANG_WARN_EMPTY_BODY = YES;
				CLANG_WARN_ENUM_CONVERSION = YES;
				CLANG_WARN_INFINITE_RECURSION = YES;
				CLANG_WARN_INT_CONVERSION = YES;
				CLANG_WARN_NON_LITERAL_NULL_CONVERSION = YES;
				CLANG_WARN_OBJC_IMPLICIT_RETAIN_SELF = YES;
				CLANG_WARN_OBJC_LITERAL_CONVERSION = YES;
				CLANG_WARN_OBJC_ROOT_CLASS = YES_ERROR;
				CLANG_WARN_QUOTED_INCLUDE_IN_FRAMEWORK_HEADER = YES;
				CLANG_WARN_RANGE_LOOP_ANALYSIS = YES;
				CLANG_WARN_STRICT_PROTOTYPES = YES;
				CLANG_WARN_SUSPICIOUS_MOVE = YES;
				CLANG_WARN_UNGUARDED_AVAILABILITY = YES_AGGRESSIVE;
				CLANG_WARN_UNREACHABLE_CODE = YES;
				CLANG_WARN__DUPLICATE_METHOD_MATCH = YES;
				COPY_PHASE_STRIP = NO;
				DEBUG_INFORMATION_FORMAT = dwarf;
				ENABLE_STRICT_OBJC_MSGSEND = YES;
				ENABLE_TESTABILITY = YES;
				ENABLE_USER_SCRIPT_SANDBOXING = YES;
				GCC_C_LANGUAGE_STANDARD = gnu17;
				GCC_DYNAMIC_NO_PIC = NO;
				GCC_NO_COMMON_BLOCKS = YES;
				GCC_OPTIMIZATION_LEVEL = 0;
				GCC_PREPROCESSOR_DEFINITIONS = (
					"DEBUG=1",
					"$(inherited)",
				);
				GCC_WARN_64_TO_32_BIT_CONVERSION = YES;
				GCC_WARN_ABOUT_RETURN_TYPE = YES_ERROR;
				GCC_WARN_UNDECLARED_SELECTOR = YES;
				GCC_WARN_UNINITIALIZED_AUTOS = YES_AGGRESSIVE;
				GCC_WARN_UNUSED_FUNCTION = YES;
				GCC_WARN_UNUSED_VARIABLE = YES;
				IPHONEOS_DEPLOYMENT_TARGET = 17.2;
				LOCALIZATION_PREFERS_STRING_CATALOGS = YES;
				MTL_ENABLE_DEBUG_INFO = INCLUDE_SOURCE;
				MTL_FAST_MATH = YES;
				ONLY_ACTIVE_ARCH = YES;
				SDKROOT = iphoneos;
				SWIFT_ACTIVE_COMPILATION_CONDITIONS = "DEBUG $(inherited)";
				SWIFT_OPTIMIZATION_LEVEL = "-Onone";
			};
			name = Debug;
		};
		E7512EA12C1F040D00543162 /* Release */ = {
			isa = XCBuildConfiguration;
			buildSettings = {
				ALWAYS_SEARCH_USER_PATHS = NO;
				ASSETCATALOG_COMPILER_GENERATE_SWIFT_ASSET_SYMBOL_EXTENSIONS = YES;
				CLANG_ANALYZER_NONNULL = YES;
				CLANG_ANALYZER_NUMBER_OBJECT_CONVERSION = YES_AGGRESSIVE;
				CLANG_CXX_LANGUAGE_STANDARD = "gnu++20";
				CLANG_ENABLE_MODULES = YES;
				CLANG_ENABLE_OBJC_ARC = YES;
				CLANG_ENABLE_OBJC_WEAK = YES;
				CLANG_WARN_BLOCK_CAPTURE_AUTORELEASING = YES;
				CLANG_WARN_BOOL_CONVERSION = YES;
				CLANG_WARN_COMMA = YES;
				CLANG_WARN_CONSTANT_CONVERSION = YES;
				CLANG_WARN_DEPRECATED_OBJC_IMPLEMENTATIONS = YES;
				CLANG_WARN_DIRECT_OBJC_ISA_USAGE = YES_ERROR;
				CLANG_WARN_DOCUMENTATION_COMMENTS = YES;
				CLANG_WARN_EMPTY_BODY = YES;
				CLANG_WARN_ENUM_CONVERSION = YES;
				CLANG_WARN_INFINITE_RECURSION = YES;
				CLANG_WARN_INT_CONVERSION = YES;
				CLANG_WARN_NON_LITERAL_NULL_CONVERSION = YES;
				CLANG_WARN_OBJC_IMPLICIT_RETAIN_SELF = YES;
				CLANG_WARN_OBJC_LITERAL_CONVERSION = YES;
				CLANG_WARN_OBJC_ROOT_CLASS = YES_ERROR;
				CLANG_WARN_QUOTED_INCLUDE_IN_FRAMEWORK_HEADER = YES;
				CLANG_WARN_RANGE_LOOP_ANALYSIS = YES;
				CLANG_WARN_STRICT_PROTOTYPES = YES;
				CLANG_WARN_SUSPICIOUS_MOVE = YES;
				CLANG_WARN_UNGUARDED_AVAILABILITY = YES_AGGRESSIVE;
				CLANG_WARN_UNREACHABLE_CODE = YES;
				CLANG_WARN__DUPLICATE_METHOD_MATCH = YES;
				COPY_PHASE_STRIP = NO;
				DEBUG_INFORMATION_FORMAT = "dwarf-with-dsym";
				ENABLE_NS_ASSERTIONS = NO;
				ENABLE_STRICT_OBJC_MSGSEND = YES;
				ENABLE_USER_SCRIPT_SANDBOXING = YES;
				GCC_C_LANGUAGE_STANDARD = gnu17;
				GCC_NO_COMMON_BLOCKS = YES;
				GCC_WARN_64_TO_32_BIT_CONVERSION = YES;
				GCC_WARN_ABOUT_RETURN_TYPE = YES_ERROR;
				GCC_WARN_UNDECLARED_SELECTOR = YES;
				GCC_WARN_UNINITIALIZED_AUTOS = YES_AGGRESSIVE;
				GCC_WARN_UNUSED_FUNCTION = YES;
				GCC_WARN_UNUSED_VARIABLE = YES;
				IPHONEOS_DEPLOYMENT_TARGET = 17.2;
				LOCALIZATION_PREFERS_STRING_CATALOGS = YES;
				MTL_ENABLE_DEBUG_INFO = NO;
				MTL_FAST_MATH = YES;
				SDKROOT = iphoneos;
				SWIFT_COMPILATION_MODE = wholemodule;
				VALIDATE_PRODUCT = YES;
			};
			name = Release;
		};
		E7512EA32C1F040D00543162 /* Debug */ = {
			isa = XCBuildConfiguration;
			buildSettings = {
				ASSETCATALOG_COMPILER_APPICON_NAME = AppIcon;
				ASSETCATALOG_COMPILER_GLOBAL_ACCENT_COLOR_NAME = AccentColor;
				CODE_SIGN_STYLE = Automatic;
				CURRENT_PROJECT_VERSION = 1;
				GENERATE_INFOPLIST_FILE = YES;
				INFOPLIST_FILE = EventsHub/Info.plist;
				INFOPLIST_KEY_UIApplicationSupportsIndirectInputEvents = YES;
				INFOPLIST_KEY_UILaunchStoryboardName = LaunchScreen;
				INFOPLIST_KEY_UISupportedInterfaceOrientations_iPad = "UIInterfaceOrientationPortrait UIInterfaceOrientationPortraitUpsideDown UIInterfaceOrientationLandscapeLeft UIInterfaceOrientationLandscapeRight";
				INFOPLIST_KEY_UISupportedInterfaceOrientations_iPhone = "UIInterfaceOrientationPortrait UIInterfaceOrientationLandscapeLeft UIInterfaceOrientationLandscapeRight";
				LD_RUNPATH_SEARCH_PATHS = (
					"$(inherited)",
					"@executable_path/Frameworks",
				);
				MARKETING_VERSION = 1.0;
				PRODUCT_BUNDLE_IDENTIFIER = com.example.EventsHub;
				PRODUCT_NAME = "$(TARGET_NAME)";
				SWIFT_EMIT_LOC_STRINGS = YES;
				SWIFT_VERSION = 5.0;
				TARGETED_DEVICE_FAMILY = "1,2";
			};
			name = Debug;
		};
		E7512EA42C1F040D00543162 /* Release */ = {
			isa = XCBuildConfiguration;
			buildSettings = {
				ASSETCATALOG_COMPILER_APPICON_NAME = AppIcon;
				ASSETCATALOG_COMPILER_GLOBAL_ACCENT_COLOR_NAME = AccentColor;
				CODE_SIGN_STYLE = Automatic;
				CURRENT_PROJECT_VERSION = 1;
				GENERATE_INFOPLIST_FILE = YES;
				INFOPLIST_FILE = EventsHub/Info.plist;
				INFOPLIST_KEY_UIApplicationSupportsIndirectInputEvents = YES;
				INFOPLIST_KEY_UILaunchStoryboardName = LaunchScreen;
				INFOPLIST_KEY_UISupportedInterfaceOrientations_iPad = "UIInterfaceOrientationPortrait UIInterfaceOrientationPortraitUpsideDown UIInterfaceOrientationLandscapeLeft UIInterfaceOrientationLandscapeRight";
				INFOPLIST_KEY_UISupportedInterfaceOrientations_iPhone = "UIInterfaceOrientationPortrait UIInterfaceOrientationLandscapeLeft UIInterfaceOrientationLandscapeRight";
				LD_RUNPATH_SEARCH_PATHS = (
					"$(inherited)",
					"@executable_path/Frameworks",
				);
				MARKETING_VERSION = 1.0;
				PRODUCT_BUNDLE_IDENTIFIER = com.example.EventsHub;
				PRODUCT_NAME = "$(TARGET_NAME)";
				SWIFT_EMIT_LOC_STRINGS = YES;
				SWIFT_VERSION = 5.0;
				TARGETED_DEVICE_FAMILY = "1,2";
			};
			name = Release;
		};
/* End XCBuildConfiguration section */

/* Begin XCConfigurationList section */
		E7512E892C1F040B00543162 /* Build configuration list for PBXProject "EventsHub" */ = {
			isa = XCConfigurationList;
			buildConfigurations = (
				E7512EA02C1F040D00543162 /* Debug */,
				E7512EA12C1F040D00543162 /* Release */,
			);
			defaultConfigurationIsVisible = 0;
			defaultConfigurationName = Release;
		};
		E7512EA22C1F040D00543162 /* Build configuration list for PBXNativeTarget "EventsHub" */ = {
			isa = XCConfigurationList;
			buildConfigurations = (
				E7512EA32C1F040D00543162 /* Debug */,
				E7512EA42C1F040D00543162 /* Release */,
			);
			defaultConfigurationIsVisible = 0;
			defaultConfigurationName = Release;
		};
/* End XCConfigurationList section */

/* Begin XCRemoteSwiftPackageReference section */
		E7512EB02C1F1D9700543162 /* XCRemoteSwiftPackageReference "SnapKit" */ = {
			isa = XCRemoteSwiftPackageReference;
			repositoryURL = "https://github.com/SnapKit/SnapKit";
			requirement = {
				kind = upToNextMajorVersion;
				minimumVersion = 5.7.1;
			};
		};
/* End XCRemoteSwiftPackageReference section */

/* Begin XCSwiftPackageProductDependency section */
		E7512EB12C1F1D9700543162 /* SnapKit */ = {
			isa = XCSwiftPackageProductDependency;
			package = E7512EB02C1F1D9700543162 /* XCRemoteSwiftPackageReference "SnapKit" */;
			productName = SnapKit;
		};
/* End XCSwiftPackageProductDependency section */
	};
	rootObject = E7512E862C1F040B00543162 /* Project object */;
}
